
Microsoft Visual Studio Solution File, Format Version 12.00
# Visual Studio 14
VisualStudioVersion = 14.0.24720.0
MinimumVisualStudioVersion = 10.0.40219.1
Project("{8BC9CEB8-8B4A-11D0-8D11-00A0C91BC942}") = "SumInArray", "SumInArray\SumInArray.vcxproj", "{55CDA182-3526-43A6-83A4-3D431D5AF5F9}"
EndProject
Project("{8BC9CEB8-8B4A-11D0-8D11-00A0C91BC942}") = "A.Tram", "A.Tram\A.Tram.vcxproj", "{62709D73-A41B-463F-94C5-95B45F4E0317}"
EndProject
Project("{8BC9CEB8-8B4A-11D0-8D11-00A0C91BC942}") = "A.Boy or Girl", "A.Boy or Girl\A.Boy or Girl.vcxproj", "{C49FBC49-0928-4F3D-A67C-272468EAE742}"
EndProject
Project("{8BC9CEB8-8B4A-11D0-8D11-00A0C91BC942}") = "A.Beautiful matrix", "A.Beautiful matrix\A.Beautiful matrix.vcxproj", "{70C3267E-419C-4694-8449-3EF7CDAA96FD}"
EndProject
Project("{8BC9CEB8-8B4A-11D0-8D11-00A0C91BC942}") = "A.Capslock", "A.Capslock\A.Capslock.vcxproj", "{B158066B-9193-4ED1-B53A-A632D5C49BFE}"
EndProject
Project("{8BC9CEB8-8B4A-11D0-8D11-00A0C91BC942}") = "A.Nearlyluckynumber", "A.Nearlyluckynumber\A.Nearlyluckynumber.vcxproj", "{37E75A29-5041-4717-A984-38B915D30B65}"
EndProject
Project("{8BC9CEB8-8B4A-11D0-8D11-00A0C91BC942}") = "A.Beautiful year", "A.Beautiful year\A.Beautiful year.vcxproj", "{3304C72E-2AEB-4F4F-92E3-83534C2681E2}"
EndProject
Project("{8BC9CEB8-8B4A-11D0-8D11-00A0C91BC942}") = "A.newyearcandles", "A.newyearcandles\A.newyearcandles.vcxproj", "{34CD98C3-6AED-4913-A24D-EF686D6B0D41}"
EndProject
Project("{8BC9CEB8-8B4A-11D0-8D11-00A0C91BC942}") = "A.Magnets", "A.Magnets\A.Magnets.vcxproj", "{392BE12B-FCE3-4CBF-8552-0DCE61C1190A}"
EndProject
Project("{8BC9CEB8-8B4A-11D0-8D11-00A0C91BC942}") = "A. Amusing Joke", "A. Amusing Joke\A. Amusing Joke.vcxproj", "{3A17BB7B-8B15-46D3-A240-CDB4B775D00F}"
EndProject
Project("{8BC9CEB8-8B4A-11D0-8D11-00A0C91BC942}") = "A.HQ9+", "A.HQ9+\A.HQ9+.vcxproj", "{745639B6-2E27-44F4-9B68-45107E7ED638}"
EndProject
Project("{8BC9CEB8-8B4A-11D0-8D11-00A0C91BC942}") = "A. Free Cash", "A. Free Cash\A. Free Cash.vcxproj", "{E88D2223-9E09-4FF3-B4DB-175F67F26D26}"
EndProject
Project("{2150E333-8FDC-42A3-9474-1A3956D46DE8}") = "Solution Items", "Solution Items", "{B96E7358-963E-41B1-B7D8-684A0E04B5E6}"
	ProjectSection(SolutionItems) = preProject
		TextFile1.txt = TextFile1.txt
	EndProjectSection
EndProject
Project("{8BC9CEB8-8B4A-11D0-8D11-00A0C91BC942}") = "A. Asphalting Roads", "A. Asphalting Roads\A. Asphalting Roads.vcxproj", "{4AE3EFCB-71FE-4941-9F22-8C24E4A44E77}"
EndProject
Project("{8BC9CEB8-8B4A-11D0-8D11-00A0C91BC942}") = "A. Gravity Flip", "A. Gravity Flip\A. Gravity Flip.vcxproj", "{2971D5F1-B9BD-4948-93B6-F0271ECF55F4}"
EndProject
Project("{8BC9CEB8-8B4A-11D0-8D11-00A0C91BC942}") = "A. Combination Lock", "A. Combination Lock\A. Combination Lock.vcxproj", "{06CBF1F7-B841-4DA9-8794-BFA50EF8D54C}"
EndProject
Project("{8BC9CEB8-8B4A-11D0-8D11-00A0C91BC942}") = "A.Vasya the Hipster", "A.Vasya the Hipster\A.Vasya the Hipster.vcxproj", "{3BC19DDD-9B70-4064-ADA9-DA9653A0CCD9}"
EndProject
Project("{8BC9CEB8-8B4A-11D0-8D11-00A0C91BC942}") = "A. Dragons", "A. Dragons\A. Dragons.vcxproj", "{CD2B2871-362C-4462-8A86-D4053C2E02A5}"
EndProject
Project("{8BC9CEB8-8B4A-11D0-8D11-00A0C91BC942}") = "A.Common_Problem", "A.Common_Problem\A.Common_Problem.vcxproj", "{3B142623-E607-4829-8E32-8292DE76AC45}"
EndProject
Project("{8BC9CEB8-8B4A-11D0-8D11-00A0C91BC942}") = "A. Rewards", "A. Rewards\A. Rewards.vcxproj", "{1CE77064-9A6A-404B-8895-7F4682D16DA3}"
EndProject
Project("{8BC9CEB8-8B4A-11D0-8D11-00A0C91BC942}") = "A. Word", "A. Word\A. Word.vcxproj", "{B427A5D0-E62D-46B4-ABE6-B82A6637622A}"
EndProject
Project("{8BC9CEB8-8B4A-11D0-8D11-00A0C91BC942}") = "A. Chewbaсca and Number", "A. Chewbaсca and Number\A. Chewbaсca and Number.vcxproj", "{03EF5F57-83CB-44E3-A920-A9C8557FD395}"
EndProject
Project("{8BC9CEB8-8B4A-11D0-8D11-00A0C91BC942}") = "A. Devu, the Singer and Churu, the Joker", "A. Devu, the Singer and Churu, the Joker\A. Devu, the Singer and Churu, the Joker.vcxproj", "{10B0496E-A778-49E2-A25F-F6CAA7DDBFCE}"
EndProject
Project("{8BC9CEB8-8B4A-11D0-8D11-00A0C91BC942}") = "A. MUH and Sticks", "A. MUH and Sticks\A. MUH and Sticks.vcxproj", "{D38F8235-17F4-4D1B-B337-7A00F1B046A6}"
EndProject
Project("{8BC9CEB8-8B4A-11D0-8D11-00A0C91BC942}") = "A. Pashmak and Garden", "A. Pashmak and Garden\A. Pashmak and Garden.vcxproj", "{B1631E2B-C0F6-475B-BFAD-0A47069D1184}"
EndProject
Project("{8BC9CEB8-8B4A-11D0-8D11-00A0C91BC942}") = "A. Bit++", "A. Bit++\A. Bit++.vcxproj", "{EA2101F6-61CC-4202-B7D4-6F9DD297C7F0}"
EndProject
Project("{8BC9CEB8-8B4A-11D0-8D11-00A0C91BC942}") = "A. String Task", "A. String Task\A. String Task.vcxproj", "{CB3E1B96-002E-4157-B642-2FD29C416546}"
EndProject
Project("{8BC9CEB8-8B4A-11D0-8D11-00A0C91BC942}") = "A. Next Round", "A. Next Round\A. Next Round.vcxproj", "{79F3769F-9117-4FC6-A496-9001CFE3672F}"
EndProject
Project("{8BC9CEB8-8B4A-11D0-8D11-00A0C91BC942}") = "A.Button", "A.Button\A.Button.vcxproj", "{02241BD4-159A-4064-A929-C184C6F6C66A}"
EndProject
Project("{8BC9CEB8-8B4A-11D0-8D11-00A0C91BC942}") = "A. Drazil and Date", "A. Drazil and Date\A. Drazil and Date.vcxproj", "{20190824-F30D-448E-8449-423967DD5305}"
EndProject
Project("{8BC9CEB8-8B4A-11D0-8D11-00A0C91BC942}") = "A. Dreamoon and Stairs", "A. Dreamoon and Stairs\A. Dreamoon and Stairs.vcxproj", "{204F57B4-A14E-4E31-9DD7-FF5492F1C29B}"
EndProject
Project("{8BC9CEB8-8B4A-11D0-8D11-00A0C91BC942}") = "A. Team Olympiad", "A. Team Olympiad\A. Team Olympiad.vcxproj", "{6F8E5227-9901-4D1A-9AB8-12EC40C863F0}"
EndProject
Project("{8BC9CEB8-8B4A-11D0-8D11-00A0C91BC942}") = "A. I_love_username", "A. I_love_username\A. I_love_username.vcxproj", "{BDFF60AD-CD77-4AEE-A51D-64A857ACA232}"
EndProject
Project("{8BC9CEB8-8B4A-11D0-8D11-00A0C91BC942}") = "A. Lineland Mail", "A. Lineland Mail\A. Lineland Mail.vcxproj", "{9F935FBF-D0B2-496F-8896-F09CF3B3D9C3}"
EndProject
Project("{8BC9CEB8-8B4A-11D0-8D11-00A0C91BC942}") = "A. Keyboard", "A. Keyboard\A. Keyboard.vcxproj", "{94D89000-5D77-465C-8889-527DF4214888}"
EndProject
Project("{8BC9CEB8-8B4A-11D0-8D11-00A0C91BC942}") = "A. Game", "A. Game\A. Game.vcxproj", "{305714EF-E144-4338-8000-F27658BF7175}"
EndProject
Project("{8BC9CEB8-8B4A-11D0-8D11-00A0C91BC942}") = "A. Multiplication Table", "A. Multiplication Table\A. Multiplication Table.vcxproj", "{2894F93C-5654-4BE5-9D39-F660A7F841A0}"
EndProject
Project("{8BC9CEB8-8B4A-11D0-8D11-00A0C91BC942}") = "A. Raising Bacteria", "A. Raising Bacteria\A. Raising Bacteria.vcxproj", "{8EECB490-48CB-4A4E-8BC3-30DE3062320A}"
EndProject
Project("{8BC9CEB8-8B4A-11D0-8D11-00A0C91BC942}") = "A. Pangram", "A. Pangram\A. Pangram.vcxproj", "{E54D45E0-D114-47CA-8B54-AC1D62F3CAEB}"
EndProject
Project("{8BC9CEB8-8B4A-11D0-8D11-00A0C91BC942}") = "A. Pangram1", "A. Pangram1\A. Pangram1.vcxproj", "{A84E6DE1-AE84-4538-A175-F94EA1702568}"
EndProject
Project("{8BC9CEB8-8B4A-11D0-8D11-00A0C91BC942}") = "A. Cut Ribbon_DP", "A. Cut Ribbon_DP\A. Cut Ribbon_DP.vcxproj", "{C4331142-E9EB-4F5F-B919-BFA9E84D288F}"
EndProject
Project("{8BC9CEB8-8B4A-11D0-8D11-00A0C91BC942}") = "A. Flipping Game", "A. Flipping Game\A. Flipping Game.vcxproj", "{FFFEE0E5-D33F-4745-BA61-2D6ED0DE866D}"
EndProject
Project("{8BC9CEB8-8B4A-11D0-8D11-00A0C91BC942}") = "A. Boredom_DP", "A. Boredom_DP\A. Boredom_DP.vcxproj", "{93D61C2D-6952-4B5B-883B-8778A3CDF5B2}"
EndProject
Project("{8BC9CEB8-8B4A-11D0-8D11-00A0C91BC942}") = "A. Joysticks", "A. Joysticks\A. Joysticks.vcxproj", "{CA5C0BE0-7F40-4E31-BAF9-09F92D3099A8}"
EndProject
Project("{8BC9CEB8-8B4A-11D0-8D11-00A0C91BC942}") = "B. Sereja and Suffixes", "B. Sereja and Suffixes\B. Sereja and Suffixes.vcxproj", "{2ED5D6F4-7396-46C1-A9D7-B5ED2024977C}"
EndProject
Project("{8BC9CEB8-8B4A-11D0-8D11-00A0C91BC942}") = "A. Maximum Increase_DP", "A. Maximum Increase_DP\A. Maximum Increase_DP.vcxproj", "{5B47ABF0-B396-40B7-8DAE-60EC9733E88B}"
EndProject
Project("{8BC9CEB8-8B4A-11D0-8D11-00A0C91BC942}") = "SumArray", "SumArray\SumArray.vcxproj", "{34D3B14C-8EDE-42EA-9BBB-E6300A84AF82}"
EndProject
Project("{8BC9CEB8-8B4A-11D0-8D11-00A0C91BC942}") = "Nikita and the Game_DP", "Nikita and the Game_DP\Nikita and the Game_DP.vcxproj", "{8B3A4F3B-5643-4C56-91E2-58350F9C6F6B}"
EndProject
Project("{8BC9CEB8-8B4A-11D0-8D11-00A0C91BC942}") = "Candies", "Candies\Candies.vcxproj", "{92698378-33DA-48AC-A24B-27C4482F6150}"
EndProject
Project("{8BC9CEB8-8B4A-11D0-8D11-00A0C91BC942}") = "Stock Maximize", "Stock Maximize\Stock Maximize.vcxproj", "{F16EB98E-A4CD-4505-8AB1-E318FD896ADC}"
EndProject
Project("{8BC9CEB8-8B4A-11D0-8D11-00A0C91BC942}") = "Sam and sub-strings", "Sam and sub-strings\Sam and sub-strings.vcxproj", "{338B3DAA-2730-4899-89B9-6A593F57A7C9}"
EndProject
Project("{8BC9CEB8-8B4A-11D0-8D11-00A0C91BC942}") = "The Coin Change Problem", "The Coin Change Problem\The Coin Change Problem.vcxproj", "{5308ABAB-CA0D-43F7-9798-C91389D6DDE3}"
EndProject
Global
	GlobalSection(SolutionConfigurationPlatforms) = preSolution
		Debug|x64 = Debug|x64
		Debug|x86 = Debug|x86
		Release|x64 = Release|x64
		Release|x86 = Release|x86
	EndGlobalSection
	GlobalSection(ProjectConfigurationPlatforms) = postSolution
		{55CDA182-3526-43A6-83A4-3D431D5AF5F9}.Debug|x64.ActiveCfg = Debug|x64
		{55CDA182-3526-43A6-83A4-3D431D5AF5F9}.Debug|x64.Build.0 = Debug|x64
		{55CDA182-3526-43A6-83A4-3D431D5AF5F9}.Debug|x86.ActiveCfg = Debug|Win32
		{55CDA182-3526-43A6-83A4-3D431D5AF5F9}.Debug|x86.Build.0 = Debug|Win32
		{55CDA182-3526-43A6-83A4-3D431D5AF5F9}.Release|x64.ActiveCfg = Release|x64
		{55CDA182-3526-43A6-83A4-3D431D5AF5F9}.Release|x64.Build.0 = Release|x64
		{55CDA182-3526-43A6-83A4-3D431D5AF5F9}.Release|x86.ActiveCfg = Release|Win32
		{55CDA182-3526-43A6-83A4-3D431D5AF5F9}.Release|x86.Build.0 = Release|Win32
		{62709D73-A41B-463F-94C5-95B45F4E0317}.Debug|x64.ActiveCfg = Debug|x64
		{62709D73-A41B-463F-94C5-95B45F4E0317}.Debug|x64.Build.0 = Debug|x64
		{62709D73-A41B-463F-94C5-95B45F4E0317}.Debug|x86.ActiveCfg = Debug|Win32
		{62709D73-A41B-463F-94C5-95B45F4E0317}.Debug|x86.Build.0 = Debug|Win32
		{62709D73-A41B-463F-94C5-95B45F4E0317}.Release|x64.ActiveCfg = Release|x64
		{62709D73-A41B-463F-94C5-95B45F4E0317}.Release|x64.Build.0 = Release|x64
		{62709D73-A41B-463F-94C5-95B45F4E0317}.Release|x86.ActiveCfg = Release|Win32
		{62709D73-A41B-463F-94C5-95B45F4E0317}.Release|x86.Build.0 = Release|Win32
		{C49FBC49-0928-4F3D-A67C-272468EAE742}.Debug|x64.ActiveCfg = Debug|x64
		{C49FBC49-0928-4F3D-A67C-272468EAE742}.Debug|x64.Build.0 = Debug|x64
		{C49FBC49-0928-4F3D-A67C-272468EAE742}.Debug|x86.ActiveCfg = Debug|Win32
		{C49FBC49-0928-4F3D-A67C-272468EAE742}.Debug|x86.Build.0 = Debug|Win32
		{C49FBC49-0928-4F3D-A67C-272468EAE742}.Release|x64.ActiveCfg = Release|x64
		{C49FBC49-0928-4F3D-A67C-272468EAE742}.Release|x64.Build.0 = Release|x64
		{C49FBC49-0928-4F3D-A67C-272468EAE742}.Release|x86.ActiveCfg = Release|Win32
		{C49FBC49-0928-4F3D-A67C-272468EAE742}.Release|x86.Build.0 = Release|Win32
		{70C3267E-419C-4694-8449-3EF7CDAA96FD}.Debug|x64.ActiveCfg = Debug|x64
		{70C3267E-419C-4694-8449-3EF7CDAA96FD}.Debug|x64.Build.0 = Debug|x64
		{70C3267E-419C-4694-8449-3EF7CDAA96FD}.Debug|x86.ActiveCfg = Debug|Win32
		{70C3267E-419C-4694-8449-3EF7CDAA96FD}.Debug|x86.Build.0 = Debug|Win32
		{70C3267E-419C-4694-8449-3EF7CDAA96FD}.Release|x64.ActiveCfg = Release|x64
		{70C3267E-419C-4694-8449-3EF7CDAA96FD}.Release|x64.Build.0 = Release|x64
		{70C3267E-419C-4694-8449-3EF7CDAA96FD}.Release|x86.ActiveCfg = Release|Win32
		{70C3267E-419C-4694-8449-3EF7CDAA96FD}.Release|x86.Build.0 = Release|Win32
		{B158066B-9193-4ED1-B53A-A632D5C49BFE}.Debug|x64.ActiveCfg = Debug|x64
		{B158066B-9193-4ED1-B53A-A632D5C49BFE}.Debug|x64.Build.0 = Debug|x64
		{B158066B-9193-4ED1-B53A-A632D5C49BFE}.Debug|x86.ActiveCfg = Debug|Win32
		{B158066B-9193-4ED1-B53A-A632D5C49BFE}.Debug|x86.Build.0 = Debug|Win32
		{B158066B-9193-4ED1-B53A-A632D5C49BFE}.Release|x64.ActiveCfg = Release|x64
		{B158066B-9193-4ED1-B53A-A632D5C49BFE}.Release|x64.Build.0 = Release|x64
		{B158066B-9193-4ED1-B53A-A632D5C49BFE}.Release|x86.ActiveCfg = Release|Win32
		{B158066B-9193-4ED1-B53A-A632D5C49BFE}.Release|x86.Build.0 = Release|Win32
		{37E75A29-5041-4717-A984-38B915D30B65}.Debug|x64.ActiveCfg = Debug|x64
		{37E75A29-5041-4717-A984-38B915D30B65}.Debug|x64.Build.0 = Debug|x64
		{37E75A29-5041-4717-A984-38B915D30B65}.Debug|x86.ActiveCfg = Debug|Win32
		{37E75A29-5041-4717-A984-38B915D30B65}.Debug|x86.Build.0 = Debug|Win32
		{37E75A29-5041-4717-A984-38B915D30B65}.Release|x64.ActiveCfg = Release|x64
		{37E75A29-5041-4717-A984-38B915D30B65}.Release|x64.Build.0 = Release|x64
		{37E75A29-5041-4717-A984-38B915D30B65}.Release|x86.ActiveCfg = Release|Win32
		{37E75A29-5041-4717-A984-38B915D30B65}.Release|x86.Build.0 = Release|Win32
		{3304C72E-2AEB-4F4F-92E3-83534C2681E2}.Debug|x64.ActiveCfg = Debug|x64
		{3304C72E-2AEB-4F4F-92E3-83534C2681E2}.Debug|x64.Build.0 = Debug|x64
		{3304C72E-2AEB-4F4F-92E3-83534C2681E2}.Debug|x86.ActiveCfg = Debug|Win32
		{3304C72E-2AEB-4F4F-92E3-83534C2681E2}.Debug|x86.Build.0 = Debug|Win32
		{3304C72E-2AEB-4F4F-92E3-83534C2681E2}.Release|x64.ActiveCfg = Release|x64
		{3304C72E-2AEB-4F4F-92E3-83534C2681E2}.Release|x64.Build.0 = Release|x64
		{3304C72E-2AEB-4F4F-92E3-83534C2681E2}.Release|x86.ActiveCfg = Release|Win32
		{3304C72E-2AEB-4F4F-92E3-83534C2681E2}.Release|x86.Build.0 = Release|Win32
		{34CD98C3-6AED-4913-A24D-EF686D6B0D41}.Debug|x64.ActiveCfg = Debug|x64
		{34CD98C3-6AED-4913-A24D-EF686D6B0D41}.Debug|x64.Build.0 = Debug|x64
		{34CD98C3-6AED-4913-A24D-EF686D6B0D41}.Debug|x86.ActiveCfg = Debug|Win32
		{34CD98C3-6AED-4913-A24D-EF686D6B0D41}.Debug|x86.Build.0 = Debug|Win32
		{34CD98C3-6AED-4913-A24D-EF686D6B0D41}.Release|x64.ActiveCfg = Release|x64
		{34CD98C3-6AED-4913-A24D-EF686D6B0D41}.Release|x64.Build.0 = Release|x64
		{34CD98C3-6AED-4913-A24D-EF686D6B0D41}.Release|x86.ActiveCfg = Release|Win32
		{34CD98C3-6AED-4913-A24D-EF686D6B0D41}.Release|x86.Build.0 = Release|Win32
		{392BE12B-FCE3-4CBF-8552-0DCE61C1190A}.Debug|x64.ActiveCfg = Debug|x64
		{392BE12B-FCE3-4CBF-8552-0DCE61C1190A}.Debug|x64.Build.0 = Debug|x64
		{392BE12B-FCE3-4CBF-8552-0DCE61C1190A}.Debug|x86.ActiveCfg = Debug|Win32
		{392BE12B-FCE3-4CBF-8552-0DCE61C1190A}.Debug|x86.Build.0 = Debug|Win32
		{392BE12B-FCE3-4CBF-8552-0DCE61C1190A}.Release|x64.ActiveCfg = Release|x64
		{392BE12B-FCE3-4CBF-8552-0DCE61C1190A}.Release|x64.Build.0 = Release|x64
		{392BE12B-FCE3-4CBF-8552-0DCE61C1190A}.Release|x86.ActiveCfg = Release|Win32
		{392BE12B-FCE3-4CBF-8552-0DCE61C1190A}.Release|x86.Build.0 = Release|Win32
		{3A17BB7B-8B15-46D3-A240-CDB4B775D00F}.Debug|x64.ActiveCfg = Debug|x64
		{3A17BB7B-8B15-46D3-A240-CDB4B775D00F}.Debug|x64.Build.0 = Debug|x64
		{3A17BB7B-8B15-46D3-A240-CDB4B775D00F}.Debug|x86.ActiveCfg = Debug|Win32
		{3A17BB7B-8B15-46D3-A240-CDB4B775D00F}.Debug|x86.Build.0 = Debug|Win32
		{3A17BB7B-8B15-46D3-A240-CDB4B775D00F}.Release|x64.ActiveCfg = Release|x64
		{3A17BB7B-8B15-46D3-A240-CDB4B775D00F}.Release|x64.Build.0 = Release|x64
		{3A17BB7B-8B15-46D3-A240-CDB4B775D00F}.Release|x86.ActiveCfg = Release|Win32
		{3A17BB7B-8B15-46D3-A240-CDB4B775D00F}.Release|x86.Build.0 = Release|Win32
		{745639B6-2E27-44F4-9B68-45107E7ED638}.Debug|x64.ActiveCfg = Debug|x64
		{745639B6-2E27-44F4-9B68-45107E7ED638}.Debug|x64.Build.0 = Debug|x64
		{745639B6-2E27-44F4-9B68-45107E7ED638}.Debug|x86.ActiveCfg = Debug|Win32
		{745639B6-2E27-44F4-9B68-45107E7ED638}.Debug|x86.Build.0 = Debug|Win32
		{745639B6-2E27-44F4-9B68-45107E7ED638}.Release|x64.ActiveCfg = Release|x64
		{745639B6-2E27-44F4-9B68-45107E7ED638}.Release|x64.Build.0 = Release|x64
		{745639B6-2E27-44F4-9B68-45107E7ED638}.Release|x86.ActiveCfg = Release|Win32
		{745639B6-2E27-44F4-9B68-45107E7ED638}.Release|x86.Build.0 = Release|Win32
		{E88D2223-9E09-4FF3-B4DB-175F67F26D26}.Debug|x64.ActiveCfg = Debug|x64
		{E88D2223-9E09-4FF3-B4DB-175F67F26D26}.Debug|x64.Build.0 = Debug|x64
		{E88D2223-9E09-4FF3-B4DB-175F67F26D26}.Debug|x86.ActiveCfg = Debug|Win32
		{E88D2223-9E09-4FF3-B4DB-175F67F26D26}.Debug|x86.Build.0 = Debug|Win32
		{E88D2223-9E09-4FF3-B4DB-175F67F26D26}.Release|x64.ActiveCfg = Release|x64
		{E88D2223-9E09-4FF3-B4DB-175F67F26D26}.Release|x64.Build.0 = Release|x64
		{E88D2223-9E09-4FF3-B4DB-175F67F26D26}.Release|x86.ActiveCfg = Release|Win32
		{E88D2223-9E09-4FF3-B4DB-175F67F26D26}.Release|x86.Build.0 = Release|Win32
		{4AE3EFCB-71FE-4941-9F22-8C24E4A44E77}.Debug|x64.ActiveCfg = Debug|x64
		{4AE3EFCB-71FE-4941-9F22-8C24E4A44E77}.Debug|x64.Build.0 = Debug|x64
		{4AE3EFCB-71FE-4941-9F22-8C24E4A44E77}.Debug|x86.ActiveCfg = Debug|Win32
		{4AE3EFCB-71FE-4941-9F22-8C24E4A44E77}.Debug|x86.Build.0 = Debug|Win32
		{4AE3EFCB-71FE-4941-9F22-8C24E4A44E77}.Release|x64.ActiveCfg = Release|x64
		{4AE3EFCB-71FE-4941-9F22-8C24E4A44E77}.Release|x64.Build.0 = Release|x64
		{4AE3EFCB-71FE-4941-9F22-8C24E4A44E77}.Release|x86.ActiveCfg = Release|Win32
		{4AE3EFCB-71FE-4941-9F22-8C24E4A44E77}.Release|x86.Build.0 = Release|Win32
		{2971D5F1-B9BD-4948-93B6-F0271ECF55F4}.Debug|x64.ActiveCfg = Debug|x64
		{2971D5F1-B9BD-4948-93B6-F0271ECF55F4}.Debug|x64.Build.0 = Debug|x64
		{2971D5F1-B9BD-4948-93B6-F0271ECF55F4}.Debug|x86.ActiveCfg = Debug|Win32
		{2971D5F1-B9BD-4948-93B6-F0271ECF55F4}.Debug|x86.Build.0 = Debug|Win32
		{2971D5F1-B9BD-4948-93B6-F0271ECF55F4}.Release|x64.ActiveCfg = Release|x64
		{2971D5F1-B9BD-4948-93B6-F0271ECF55F4}.Release|x64.Build.0 = Release|x64
		{2971D5F1-B9BD-4948-93B6-F0271ECF55F4}.Release|x86.ActiveCfg = Release|Win32
		{2971D5F1-B9BD-4948-93B6-F0271ECF55F4}.Release|x86.Build.0 = Release|Win32
		{06CBF1F7-B841-4DA9-8794-BFA50EF8D54C}.Debug|x64.ActiveCfg = Debug|x64
		{06CBF1F7-B841-4DA9-8794-BFA50EF8D54C}.Debug|x64.Build.0 = Debug|x64
		{06CBF1F7-B841-4DA9-8794-BFA50EF8D54C}.Debug|x86.ActiveCfg = Debug|Win32
		{06CBF1F7-B841-4DA9-8794-BFA50EF8D54C}.Debug|x86.Build.0 = Debug|Win32
		{06CBF1F7-B841-4DA9-8794-BFA50EF8D54C}.Release|x64.ActiveCfg = Release|x64
		{06CBF1F7-B841-4DA9-8794-BFA50EF8D54C}.Release|x64.Build.0 = Release|x64
		{06CBF1F7-B841-4DA9-8794-BFA50EF8D54C}.Release|x86.ActiveCfg = Release|Win32
		{06CBF1F7-B841-4DA9-8794-BFA50EF8D54C}.Release|x86.Build.0 = Release|Win32
		{3BC19DDD-9B70-4064-ADA9-DA9653A0CCD9}.Debug|x64.ActiveCfg = Debug|x64
		{3BC19DDD-9B70-4064-ADA9-DA9653A0CCD9}.Debug|x64.Build.0 = Debug|x64
		{3BC19DDD-9B70-4064-ADA9-DA9653A0CCD9}.Debug|x86.ActiveCfg = Debug|Win32
		{3BC19DDD-9B70-4064-ADA9-DA9653A0CCD9}.Debug|x86.Build.0 = Debug|Win32
		{3BC19DDD-9B70-4064-ADA9-DA9653A0CCD9}.Release|x64.ActiveCfg = Release|x64
		{3BC19DDD-9B70-4064-ADA9-DA9653A0CCD9}.Release|x64.Build.0 = Release|x64
		{3BC19DDD-9B70-4064-ADA9-DA9653A0CCD9}.Release|x86.ActiveCfg = Release|Win32
		{3BC19DDD-9B70-4064-ADA9-DA9653A0CCD9}.Release|x86.Build.0 = Release|Win32
		{CD2B2871-362C-4462-8A86-D4053C2E02A5}.Debug|x64.ActiveCfg = Debug|x64
		{CD2B2871-362C-4462-8A86-D4053C2E02A5}.Debug|x64.Build.0 = Debug|x64
		{CD2B2871-362C-4462-8A86-D4053C2E02A5}.Debug|x86.ActiveCfg = Debug|Win32
		{CD2B2871-362C-4462-8A86-D4053C2E02A5}.Debug|x86.Build.0 = Debug|Win32
		{CD2B2871-362C-4462-8A86-D4053C2E02A5}.Release|x64.ActiveCfg = Release|x64
		{CD2B2871-362C-4462-8A86-D4053C2E02A5}.Release|x64.Build.0 = Release|x64
		{CD2B2871-362C-4462-8A86-D4053C2E02A5}.Release|x86.ActiveCfg = Release|Win32
		{CD2B2871-362C-4462-8A86-D4053C2E02A5}.Release|x86.Build.0 = Release|Win32
		{3B142623-E607-4829-8E32-8292DE76AC45}.Debug|x64.ActiveCfg = Debug|x64
		{3B142623-E607-4829-8E32-8292DE76AC45}.Debug|x64.Build.0 = Debug|x64
		{3B142623-E607-4829-8E32-8292DE76AC45}.Debug|x86.ActiveCfg = Debug|Win32
		{3B142623-E607-4829-8E32-8292DE76AC45}.Debug|x86.Build.0 = Debug|Win32
		{3B142623-E607-4829-8E32-8292DE76AC45}.Release|x64.ActiveCfg = Release|x64
		{3B142623-E607-4829-8E32-8292DE76AC45}.Release|x64.Build.0 = Release|x64
		{3B142623-E607-4829-8E32-8292DE76AC45}.Release|x86.ActiveCfg = Release|Win32
		{3B142623-E607-4829-8E32-8292DE76AC45}.Release|x86.Build.0 = Release|Win32
		{1CE77064-9A6A-404B-8895-7F4682D16DA3}.Debug|x64.ActiveCfg = Debug|x64
		{1CE77064-9A6A-404B-8895-7F4682D16DA3}.Debug|x64.Build.0 = Debug|x64
		{1CE77064-9A6A-404B-8895-7F4682D16DA3}.Debug|x86.ActiveCfg = Debug|Win32
		{1CE77064-9A6A-404B-8895-7F4682D16DA3}.Debug|x86.Build.0 = Debug|Win32
		{1CE77064-9A6A-404B-8895-7F4682D16DA3}.Release|x64.ActiveCfg = Release|x64
		{1CE77064-9A6A-404B-8895-7F4682D16DA3}.Release|x64.Build.0 = Release|x64
		{1CE77064-9A6A-404B-8895-7F4682D16DA3}.Release|x86.ActiveCfg = Release|Win32
		{1CE77064-9A6A-404B-8895-7F4682D16DA3}.Release|x86.Build.0 = Release|Win32
		{B427A5D0-E62D-46B4-ABE6-B82A6637622A}.Debug|x64.ActiveCfg = Debug|x64
		{B427A5D0-E62D-46B4-ABE6-B82A6637622A}.Debug|x64.Build.0 = Debug|x64
		{B427A5D0-E62D-46B4-ABE6-B82A6637622A}.Debug|x86.ActiveCfg = Debug|Win32
		{B427A5D0-E62D-46B4-ABE6-B82A6637622A}.Debug|x86.Build.0 = Debug|Win32
		{B427A5D0-E62D-46B4-ABE6-B82A6637622A}.Release|x64.ActiveCfg = Release|x64
		{B427A5D0-E62D-46B4-ABE6-B82A6637622A}.Release|x64.Build.0 = Release|x64
		{B427A5D0-E62D-46B4-ABE6-B82A6637622A}.Release|x86.ActiveCfg = Release|Win32
		{B427A5D0-E62D-46B4-ABE6-B82A6637622A}.Release|x86.Build.0 = Release|Win32
		{03EF5F57-83CB-44E3-A920-A9C8557FD395}.Debug|x64.ActiveCfg = Debug|x64
		{03EF5F57-83CB-44E3-A920-A9C8557FD395}.Debug|x64.Build.0 = Debug|x64
		{03EF5F57-83CB-44E3-A920-A9C8557FD395}.Debug|x86.ActiveCfg = Debug|Win32
		{03EF5F57-83CB-44E3-A920-A9C8557FD395}.Debug|x86.Build.0 = Debug|Win32
		{03EF5F57-83CB-44E3-A920-A9C8557FD395}.Release|x64.ActiveCfg = Release|x64
		{03EF5F57-83CB-44E3-A920-A9C8557FD395}.Release|x64.Build.0 = Release|x64
		{03EF5F57-83CB-44E3-A920-A9C8557FD395}.Release|x86.ActiveCfg = Release|Win32
		{03EF5F57-83CB-44E3-A920-A9C8557FD395}.Release|x86.Build.0 = Release|Win32
		{10B0496E-A778-49E2-A25F-F6CAA7DDBFCE}.Debug|x64.ActiveCfg = Debug|x64
		{10B0496E-A778-49E2-A25F-F6CAA7DDBFCE}.Debug|x64.Build.0 = Debug|x64
		{10B0496E-A778-49E2-A25F-F6CAA7DDBFCE}.Debug|x86.ActiveCfg = Debug|Win32
		{10B0496E-A778-49E2-A25F-F6CAA7DDBFCE}.Debug|x86.Build.0 = Debug|Win32
		{10B0496E-A778-49E2-A25F-F6CAA7DDBFCE}.Release|x64.ActiveCfg = Release|x64
		{10B0496E-A778-49E2-A25F-F6CAA7DDBFCE}.Release|x64.Build.0 = Release|x64
		{10B0496E-A778-49E2-A25F-F6CAA7DDBFCE}.Release|x86.ActiveCfg = Release|Win32
		{10B0496E-A778-49E2-A25F-F6CAA7DDBFCE}.Release|x86.Build.0 = Release|Win32
		{D38F8235-17F4-4D1B-B337-7A00F1B046A6}.Debug|x64.ActiveCfg = Debug|x64
		{D38F8235-17F4-4D1B-B337-7A00F1B046A6}.Debug|x64.Build.0 = Debug|x64
		{D38F8235-17F4-4D1B-B337-7A00F1B046A6}.Debug|x86.ActiveCfg = Debug|Win32
		{D38F8235-17F4-4D1B-B337-7A00F1B046A6}.Debug|x86.Build.0 = Debug|Win32
		{D38F8235-17F4-4D1B-B337-7A00F1B046A6}.Release|x64.ActiveCfg = Release|x64
		{D38F8235-17F4-4D1B-B337-7A00F1B046A6}.Release|x64.Build.0 = Release|x64
		{D38F8235-17F4-4D1B-B337-7A00F1B046A6}.Release|x86.ActiveCfg = Release|Win32
		{D38F8235-17F4-4D1B-B337-7A00F1B046A6}.Release|x86.Build.0 = Release|Win32
		{B1631E2B-C0F6-475B-BFAD-0A47069D1184}.Debug|x64.ActiveCfg = Debug|x64
		{B1631E2B-C0F6-475B-BFAD-0A47069D1184}.Debug|x64.Build.0 = Debug|x64
		{B1631E2B-C0F6-475B-BFAD-0A47069D1184}.Debug|x86.ActiveCfg = Debug|Win32
		{B1631E2B-C0F6-475B-BFAD-0A47069D1184}.Debug|x86.Build.0 = Debug|Win32
		{B1631E2B-C0F6-475B-BFAD-0A47069D1184}.Release|x64.ActiveCfg = Release|x64
		{B1631E2B-C0F6-475B-BFAD-0A47069D1184}.Release|x64.Build.0 = Release|x64
		{B1631E2B-C0F6-475B-BFAD-0A47069D1184}.Release|x86.ActiveCfg = Release|Win32
		{B1631E2B-C0F6-475B-BFAD-0A47069D1184}.Release|x86.Build.0 = Release|Win32
		{EA2101F6-61CC-4202-B7D4-6F9DD297C7F0}.Debug|x64.ActiveCfg = Debug|x64
		{EA2101F6-61CC-4202-B7D4-6F9DD297C7F0}.Debug|x64.Build.0 = Debug|x64
		{EA2101F6-61CC-4202-B7D4-6F9DD297C7F0}.Debug|x86.ActiveCfg = Debug|Win32
		{EA2101F6-61CC-4202-B7D4-6F9DD297C7F0}.Debug|x86.Build.0 = Debug|Win32
		{EA2101F6-61CC-4202-B7D4-6F9DD297C7F0}.Release|x64.ActiveCfg = Release|x64
		{EA2101F6-61CC-4202-B7D4-6F9DD297C7F0}.Release|x64.Build.0 = Release|x64
		{EA2101F6-61CC-4202-B7D4-6F9DD297C7F0}.Release|x86.ActiveCfg = Release|Win32
		{EA2101F6-61CC-4202-B7D4-6F9DD297C7F0}.Release|x86.Build.0 = Release|Win32
		{CB3E1B96-002E-4157-B642-2FD29C416546}.Debug|x64.ActiveCfg = Debug|x64
		{CB3E1B96-002E-4157-B642-2FD29C416546}.Debug|x64.Build.0 = Debug|x64
		{CB3E1B96-002E-4157-B642-2FD29C416546}.Debug|x86.ActiveCfg = Debug|Win32
		{CB3E1B96-002E-4157-B642-2FD29C416546}.Debug|x86.Build.0 = Debug|Win32
		{CB3E1B96-002E-4157-B642-2FD29C416546}.Release|x64.ActiveCfg = Release|x64
		{CB3E1B96-002E-4157-B642-2FD29C416546}.Release|x64.Build.0 = Release|x64
		{CB3E1B96-002E-4157-B642-2FD29C416546}.Release|x86.ActiveCfg = Release|Win32
		{CB3E1B96-002E-4157-B642-2FD29C416546}.Release|x86.Build.0 = Release|Win32
		{79F3769F-9117-4FC6-A496-9001CFE3672F}.Debug|x64.ActiveCfg = Debug|x64
		{79F3769F-9117-4FC6-A496-9001CFE3672F}.Debug|x64.Build.0 = Debug|x64
		{79F3769F-9117-4FC6-A496-9001CFE3672F}.Debug|x86.ActiveCfg = Debug|Win32
		{79F3769F-9117-4FC6-A496-9001CFE3672F}.Debug|x86.Build.0 = Debug|Win32
		{79F3769F-9117-4FC6-A496-9001CFE3672F}.Release|x64.ActiveCfg = Release|x64
		{79F3769F-9117-4FC6-A496-9001CFE3672F}.Release|x64.Build.0 = Release|x64
		{79F3769F-9117-4FC6-A496-9001CFE3672F}.Release|x86.ActiveCfg = Release|Win32
		{79F3769F-9117-4FC6-A496-9001CFE3672F}.Release|x86.Build.0 = Release|Win32
		{02241BD4-159A-4064-A929-C184C6F6C66A}.Debug|x64.ActiveCfg = Debug|x64
		{02241BD4-159A-4064-A929-C184C6F6C66A}.Debug|x64.Build.0 = Debug|x64
		{02241BD4-159A-4064-A929-C184C6F6C66A}.Debug|x86.ActiveCfg = Debug|Win32
		{02241BD4-159A-4064-A929-C184C6F6C66A}.Debug|x86.Build.0 = Debug|Win32
		{02241BD4-159A-4064-A929-C184C6F6C66A}.Release|x64.ActiveCfg = Release|x64
		{02241BD4-159A-4064-A929-C184C6F6C66A}.Release|x64.Build.0 = Release|x64
		{02241BD4-159A-4064-A929-C184C6F6C66A}.Release|x86.ActiveCfg = Release|Win32
		{02241BD4-159A-4064-A929-C184C6F6C66A}.Release|x86.Build.0 = Release|Win32
		{20190824-F30D-448E-8449-423967DD5305}.Debug|x64.ActiveCfg = Debug|x64
		{20190824-F30D-448E-8449-423967DD5305}.Debug|x64.Build.0 = Debug|x64
		{20190824-F30D-448E-8449-423967DD5305}.Debug|x86.ActiveCfg = Debug|Win32
		{20190824-F30D-448E-8449-423967DD5305}.Debug|x86.Build.0 = Debug|Win32
		{20190824-F30D-448E-8449-423967DD5305}.Release|x64.ActiveCfg = Release|x64
		{20190824-F30D-448E-8449-423967DD5305}.Release|x64.Build.0 = Release|x64
		{20190824-F30D-448E-8449-423967DD5305}.Release|x86.ActiveCfg = Release|Win32
		{20190824-F30D-448E-8449-423967DD5305}.Release|x86.Build.0 = Release|Win32
		{204F57B4-A14E-4E31-9DD7-FF5492F1C29B}.Debug|x64.ActiveCfg = Debug|x64
		{204F57B4-A14E-4E31-9DD7-FF5492F1C29B}.Debug|x64.Build.0 = Debug|x64
		{204F57B4-A14E-4E31-9DD7-FF5492F1C29B}.Debug|x86.ActiveCfg = Debug|Win32
		{204F57B4-A14E-4E31-9DD7-FF5492F1C29B}.Debug|x86.Build.0 = Debug|Win32
		{204F57B4-A14E-4E31-9DD7-FF5492F1C29B}.Release|x64.ActiveCfg = Release|x64
		{204F57B4-A14E-4E31-9DD7-FF5492F1C29B}.Release|x64.Build.0 = Release|x64
		{204F57B4-A14E-4E31-9DD7-FF5492F1C29B}.Release|x86.ActiveCfg = Release|Win32
		{204F57B4-A14E-4E31-9DD7-FF5492F1C29B}.Release|x86.Build.0 = Release|Win32
		{6F8E5227-9901-4D1A-9AB8-12EC40C863F0}.Debug|x64.ActiveCfg = Debug|x64
		{6F8E5227-9901-4D1A-9AB8-12EC40C863F0}.Debug|x64.Build.0 = Debug|x64
		{6F8E5227-9901-4D1A-9AB8-12EC40C863F0}.Debug|x86.ActiveCfg = Debug|Win32
		{6F8E5227-9901-4D1A-9AB8-12EC40C863F0}.Debug|x86.Build.0 = Debug|Win32
		{6F8E5227-9901-4D1A-9AB8-12EC40C863F0}.Release|x64.ActiveCfg = Release|x64
		{6F8E5227-9901-4D1A-9AB8-12EC40C863F0}.Release|x64.Build.0 = Release|x64
		{6F8E5227-9901-4D1A-9AB8-12EC40C863F0}.Release|x86.ActiveCfg = Release|Win32
		{6F8E5227-9901-4D1A-9AB8-12EC40C863F0}.Release|x86.Build.0 = Release|Win32
		{BDFF60AD-CD77-4AEE-A51D-64A857ACA232}.Debug|x64.ActiveCfg = Debug|x64
		{BDFF60AD-CD77-4AEE-A51D-64A857ACA232}.Debug|x64.Build.0 = Debug|x64
		{BDFF60AD-CD77-4AEE-A51D-64A857ACA232}.Debug|x86.ActiveCfg = Debug|Win32
		{BDFF60AD-CD77-4AEE-A51D-64A857ACA232}.Debug|x86.Build.0 = Debug|Win32
		{BDFF60AD-CD77-4AEE-A51D-64A857ACA232}.Release|x64.ActiveCfg = Release|x64
		{BDFF60AD-CD77-4AEE-A51D-64A857ACA232}.Release|x64.Build.0 = Release|x64
		{BDFF60AD-CD77-4AEE-A51D-64A857ACA232}.Release|x86.ActiveCfg = Release|Win32
		{BDFF60AD-CD77-4AEE-A51D-64A857ACA232}.Release|x86.Build.0 = Release|Win32
		{9F935FBF-D0B2-496F-8896-F09CF3B3D9C3}.Debug|x64.ActiveCfg = Debug|x64
		{9F935FBF-D0B2-496F-8896-F09CF3B3D9C3}.Debug|x64.Build.0 = Debug|x64
		{9F935FBF-D0B2-496F-8896-F09CF3B3D9C3}.Debug|x86.ActiveCfg = Debug|Win32
		{9F935FBF-D0B2-496F-8896-F09CF3B3D9C3}.Debug|x86.Build.0 = Debug|Win32
		{9F935FBF-D0B2-496F-8896-F09CF3B3D9C3}.Release|x64.ActiveCfg = Release|x64
		{9F935FBF-D0B2-496F-8896-F09CF3B3D9C3}.Release|x64.Build.0 = Release|x64
		{9F935FBF-D0B2-496F-8896-F09CF3B3D9C3}.Release|x86.ActiveCfg = Release|Win32
		{9F935FBF-D0B2-496F-8896-F09CF3B3D9C3}.Release|x86.Build.0 = Release|Win32
		{94D89000-5D77-465C-8889-527DF4214888}.Debug|x64.ActiveCfg = Debug|x64
		{94D89000-5D77-465C-8889-527DF4214888}.Debug|x64.Build.0 = Debug|x64
		{94D89000-5D77-465C-8889-527DF4214888}.Debug|x86.ActiveCfg = Debug|Win32
		{94D89000-5D77-465C-8889-527DF4214888}.Debug|x86.Build.0 = Debug|Win32
		{94D89000-5D77-465C-8889-527DF4214888}.Release|x64.ActiveCfg = Release|x64
		{94D89000-5D77-465C-8889-527DF4214888}.Release|x64.Build.0 = Release|x64
		{94D89000-5D77-465C-8889-527DF4214888}.Release|x86.ActiveCfg = Release|Win32
		{94D89000-5D77-465C-8889-527DF4214888}.Release|x86.Build.0 = Release|Win32
		{305714EF-E144-4338-8000-F27658BF7175}.Debug|x64.ActiveCfg = Debug|x64
		{305714EF-E144-4338-8000-F27658BF7175}.Debug|x64.Build.0 = Debug|x64
		{305714EF-E144-4338-8000-F27658BF7175}.Debug|x86.ActiveCfg = Debug|Win32
		{305714EF-E144-4338-8000-F27658BF7175}.Debug|x86.Build.0 = Debug|Win32
		{305714EF-E144-4338-8000-F27658BF7175}.Release|x64.ActiveCfg = Release|x64
		{305714EF-E144-4338-8000-F27658BF7175}.Release|x64.Build.0 = Release|x64
		{305714EF-E144-4338-8000-F27658BF7175}.Release|x86.ActiveCfg = Release|Win32
		{305714EF-E144-4338-8000-F27658BF7175}.Release|x86.Build.0 = Release|Win32
		{2894F93C-5654-4BE5-9D39-F660A7F841A0}.Debug|x64.ActiveCfg = Debug|x64
		{2894F93C-5654-4BE5-9D39-F660A7F841A0}.Debug|x64.Build.0 = Debug|x64
		{2894F93C-5654-4BE5-9D39-F660A7F841A0}.Debug|x86.ActiveCfg = Debug|Win32
		{2894F93C-5654-4BE5-9D39-F660A7F841A0}.Debug|x86.Build.0 = Debug|Win32
		{2894F93C-5654-4BE5-9D39-F660A7F841A0}.Release|x64.ActiveCfg = Release|x64
		{2894F93C-5654-4BE5-9D39-F660A7F841A0}.Release|x64.Build.0 = Release|x64
		{2894F93C-5654-4BE5-9D39-F660A7F841A0}.Release|x86.ActiveCfg = Release|Win32
		{2894F93C-5654-4BE5-9D39-F660A7F841A0}.Release|x86.Build.0 = Release|Win32
		{8EECB490-48CB-4A4E-8BC3-30DE3062320A}.Debug|x64.ActiveCfg = Debug|x64
		{8EECB490-48CB-4A4E-8BC3-30DE3062320A}.Debug|x64.Build.0 = Debug|x64
		{8EECB490-48CB-4A4E-8BC3-30DE3062320A}.Debug|x86.ActiveCfg = Debug|Win32
		{8EECB490-48CB-4A4E-8BC3-30DE3062320A}.Debug|x86.Build.0 = Debug|Win32
		{8EECB490-48CB-4A4E-8BC3-30DE3062320A}.Release|x64.ActiveCfg = Release|x64
		{8EECB490-48CB-4A4E-8BC3-30DE3062320A}.Release|x64.Build.0 = Release|x64
		{8EECB490-48CB-4A4E-8BC3-30DE3062320A}.Release|x86.ActiveCfg = Release|Win32
		{8EECB490-48CB-4A4E-8BC3-30DE3062320A}.Release|x86.Build.0 = Release|Win32
		{E54D45E0-D114-47CA-8B54-AC1D62F3CAEB}.Debug|x64.ActiveCfg = Debug|x64
		{E54D45E0-D114-47CA-8B54-AC1D62F3CAEB}.Debug|x64.Build.0 = Debug|x64
		{E54D45E0-D114-47CA-8B54-AC1D62F3CAEB}.Debug|x86.ActiveCfg = Debug|Win32
		{E54D45E0-D114-47CA-8B54-AC1D62F3CAEB}.Debug|x86.Build.0 = Debug|Win32
		{E54D45E0-D114-47CA-8B54-AC1D62F3CAEB}.Release|x64.ActiveCfg = Release|x64
		{E54D45E0-D114-47CA-8B54-AC1D62F3CAEB}.Release|x64.Build.0 = Release|x64
		{E54D45E0-D114-47CA-8B54-AC1D62F3CAEB}.Release|x86.ActiveCfg = Release|Win32
		{E54D45E0-D114-47CA-8B54-AC1D62F3CAEB}.Release|x86.Build.0 = Release|Win32
		{A84E6DE1-AE84-4538-A175-F94EA1702568}.Debug|x64.ActiveCfg = Debug|x64
		{A84E6DE1-AE84-4538-A175-F94EA1702568}.Debug|x64.Build.0 = Debug|x64
		{A84E6DE1-AE84-4538-A175-F94EA1702568}.Debug|x86.ActiveCfg = Debug|Win32
		{A84E6DE1-AE84-4538-A175-F94EA1702568}.Debug|x86.Build.0 = Debug|Win32
		{A84E6DE1-AE84-4538-A175-F94EA1702568}.Release|x64.ActiveCfg = Release|x64
		{A84E6DE1-AE84-4538-A175-F94EA1702568}.Release|x64.Build.0 = Release|x64
		{A84E6DE1-AE84-4538-A175-F94EA1702568}.Release|x86.ActiveCfg = Release|Win32
		{A84E6DE1-AE84-4538-A175-F94EA1702568}.Release|x86.Build.0 = Release|Win32
		{C4331142-E9EB-4F5F-B919-BFA9E84D288F}.Debug|x64.ActiveCfg = Debug|x64
		{C4331142-E9EB-4F5F-B919-BFA9E84D288F}.Debug|x64.Build.0 = Debug|x64
		{C4331142-E9EB-4F5F-B919-BFA9E84D288F}.Debug|x86.ActiveCfg = Debug|Win32
		{C4331142-E9EB-4F5F-B919-BFA9E84D288F}.Debug|x86.Build.0 = Debug|Win32
		{C4331142-E9EB-4F5F-B919-BFA9E84D288F}.Release|x64.ActiveCfg = Release|x64
		{C4331142-E9EB-4F5F-B919-BFA9E84D288F}.Release|x64.Build.0 = Release|x64
		{C4331142-E9EB-4F5F-B919-BFA9E84D288F}.Release|x86.ActiveCfg = Release|Win32
		{C4331142-E9EB-4F5F-B919-BFA9E84D288F}.Release|x86.Build.0 = Release|Win32
		{FFFEE0E5-D33F-4745-BA61-2D6ED0DE866D}.Debug|x64.ActiveCfg = Debug|x64
		{FFFEE0E5-D33F-4745-BA61-2D6ED0DE866D}.Debug|x64.Build.0 = Debug|x64
		{FFFEE0E5-D33F-4745-BA61-2D6ED0DE866D}.Debug|x86.ActiveCfg = Debug|Win32
		{FFFEE0E5-D33F-4745-BA61-2D6ED0DE866D}.Debug|x86.Build.0 = Debug|Win32
		{FFFEE0E5-D33F-4745-BA61-2D6ED0DE866D}.Release|x64.ActiveCfg = Release|x64
		{FFFEE0E5-D33F-4745-BA61-2D6ED0DE866D}.Release|x64.Build.0 = Release|x64
		{FFFEE0E5-D33F-4745-BA61-2D6ED0DE866D}.Release|x86.ActiveCfg = Release|Win32
		{FFFEE0E5-D33F-4745-BA61-2D6ED0DE866D}.Release|x86.Build.0 = Release|Win32
		{93D61C2D-6952-4B5B-883B-8778A3CDF5B2}.Debug|x64.ActiveCfg = Debug|x64
		{93D61C2D-6952-4B5B-883B-8778A3CDF5B2}.Debug|x64.Build.0 = Debug|x64
		{93D61C2D-6952-4B5B-883B-8778A3CDF5B2}.Debug|x86.ActiveCfg = Debug|Win32
		{93D61C2D-6952-4B5B-883B-8778A3CDF5B2}.Debug|x86.Build.0 = Debug|Win32
		{93D61C2D-6952-4B5B-883B-8778A3CDF5B2}.Release|x64.ActiveCfg = Release|x64
		{93D61C2D-6952-4B5B-883B-8778A3CDF5B2}.Release|x64.Build.0 = Release|x64
		{93D61C2D-6952-4B5B-883B-8778A3CDF5B2}.Release|x86.ActiveCfg = Release|Win32
		{93D61C2D-6952-4B5B-883B-8778A3CDF5B2}.Release|x86.Build.0 = Release|Win32
		{CA5C0BE0-7F40-4E31-BAF9-09F92D3099A8}.Debug|x64.ActiveCfg = Debug|x64
		{CA5C0BE0-7F40-4E31-BAF9-09F92D3099A8}.Debug|x64.Build.0 = Debug|x64
		{CA5C0BE0-7F40-4E31-BAF9-09F92D3099A8}.Debug|x86.ActiveCfg = Debug|Win32
		{CA5C0BE0-7F40-4E31-BAF9-09F92D3099A8}.Debug|x86.Build.0 = Debug|Win32
		{CA5C0BE0-7F40-4E31-BAF9-09F92D3099A8}.Release|x64.ActiveCfg = Release|x64
		{CA5C0BE0-7F40-4E31-BAF9-09F92D3099A8}.Release|x64.Build.0 = Release|x64
		{CA5C0BE0-7F40-4E31-BAF9-09F92D3099A8}.Release|x86.ActiveCfg = Release|Win32
		{CA5C0BE0-7F40-4E31-BAF9-09F92D3099A8}.Release|x86.Build.0 = Release|Win32
		{2ED5D6F4-7396-46C1-A9D7-B5ED2024977C}.Debug|x64.ActiveCfg = Debug|x64
		{2ED5D6F4-7396-46C1-A9D7-B5ED2024977C}.Debug|x64.Build.0 = Debug|x64
		{2ED5D6F4-7396-46C1-A9D7-B5ED2024977C}.Debug|x86.ActiveCfg = Debug|Win32
		{2ED5D6F4-7396-46C1-A9D7-B5ED2024977C}.Debug|x86.Build.0 = Debug|Win32
		{2ED5D6F4-7396-46C1-A9D7-B5ED2024977C}.Release|x64.ActiveCfg = Release|x64
		{2ED5D6F4-7396-46C1-A9D7-B5ED2024977C}.Release|x64.Build.0 = Release|x64
		{2ED5D6F4-7396-46C1-A9D7-B5ED2024977C}.Release|x86.ActiveCfg = Release|Win32
		{2ED5D6F4-7396-46C1-A9D7-B5ED2024977C}.Release|x86.Build.0 = Release|Win32
		{5B47ABF0-B396-40B7-8DAE-60EC9733E88B}.Debug|x64.ActiveCfg = Debug|x64
		{5B47ABF0-B396-40B7-8DAE-60EC9733E88B}.Debug|x64.Build.0 = Debug|x64
		{5B47ABF0-B396-40B7-8DAE-60EC9733E88B}.Debug|x86.ActiveCfg = Debug|Win32
		{5B47ABF0-B396-40B7-8DAE-60EC9733E88B}.Debug|x86.Build.0 = Debug|Win32
		{5B47ABF0-B396-40B7-8DAE-60EC9733E88B}.Release|x64.ActiveCfg = Release|x64
		{5B47ABF0-B396-40B7-8DAE-60EC9733E88B}.Release|x64.Build.0 = Release|x64
		{5B47ABF0-B396-40B7-8DAE-60EC9733E88B}.Release|x86.ActiveCfg = Release|Win32
		{5B47ABF0-B396-40B7-8DAE-60EC9733E88B}.Release|x86.Build.0 = Release|Win32
		{34D3B14C-8EDE-42EA-9BBB-E6300A84AF82}.Debug|x64.ActiveCfg = Debug|x64
		{34D3B14C-8EDE-42EA-9BBB-E6300A84AF82}.Debug|x64.Build.0 = Debug|x64
		{34D3B14C-8EDE-42EA-9BBB-E6300A84AF82}.Debug|x86.ActiveCfg = Debug|Win32
		{34D3B14C-8EDE-42EA-9BBB-E6300A84AF82}.Debug|x86.Build.0 = Debug|Win32
		{34D3B14C-8EDE-42EA-9BBB-E6300A84AF82}.Release|x64.ActiveCfg = Release|x64
		{34D3B14C-8EDE-42EA-9BBB-E6300A84AF82}.Release|x64.Build.0 = Release|x64
		{34D3B14C-8EDE-42EA-9BBB-E6300A84AF82}.Release|x86.ActiveCfg = Release|Win32
		{34D3B14C-8EDE-42EA-9BBB-E6300A84AF82}.Release|x86.Build.0 = Release|Win32
		{8B3A4F3B-5643-4C56-91E2-58350F9C6F6B}.Debug|x64.ActiveCfg = Debug|x64
		{8B3A4F3B-5643-4C56-91E2-58350F9C6F6B}.Debug|x64.Build.0 = Debug|x64
		{8B3A4F3B-5643-4C56-91E2-58350F9C6F6B}.Debug|x86.ActiveCfg = Debug|Win32
		{8B3A4F3B-5643-4C56-91E2-58350F9C6F6B}.Debug|x86.Build.0 = Debug|Win32
		{8B3A4F3B-5643-4C56-91E2-58350F9C6F6B}.Release|x64.ActiveCfg = Release|x64
		{8B3A4F3B-5643-4C56-91E2-58350F9C6F6B}.Release|x64.Build.0 = Release|x64
		{8B3A4F3B-5643-4C56-91E2-58350F9C6F6B}.Release|x86.ActiveCfg = Release|Win32
		{8B3A4F3B-5643-4C56-91E2-58350F9C6F6B}.Release|x86.Build.0 = Release|Win32
		{92698378-33DA-48AC-A24B-27C4482F6150}.Debug|x64.ActiveCfg = Debug|x64
		{92698378-33DA-48AC-A24B-27C4482F6150}.Debug|x64.Build.0 = Debug|x64
		{92698378-33DA-48AC-A24B-27C4482F6150}.Debug|x86.ActiveCfg = Debug|Win32
		{92698378-33DA-48AC-A24B-27C4482F6150}.Debug|x86.Build.0 = Debug|Win32
		{92698378-33DA-48AC-A24B-27C4482F6150}.Release|x64.ActiveCfg = Release|x64
		{92698378-33DA-48AC-A24B-27C4482F6150}.Release|x64.Build.0 = Release|x64
		{92698378-33DA-48AC-A24B-27C4482F6150}.Release|x86.ActiveCfg = Release|Win32
		{92698378-33DA-48AC-A24B-27C4482F6150}.Release|x86.Build.0 = Release|Win32
		{F16EB98E-A4CD-4505-8AB1-E318FD896ADC}.Debug|x64.ActiveCfg = Debug|x64
		{F16EB98E-A4CD-4505-8AB1-E318FD896ADC}.Debug|x64.Build.0 = Debug|x64
		{F16EB98E-A4CD-4505-8AB1-E318FD896ADC}.Debug|x86.ActiveCfg = Debug|Win32
		{F16EB98E-A4CD-4505-8AB1-E318FD896ADC}.Debug|x86.Build.0 = Debug|Win32
		{F16EB98E-A4CD-4505-8AB1-E318FD896ADC}.Release|x64.ActiveCfg = Release|x64
		{F16EB98E-A4CD-4505-8AB1-E318FD896ADC}.Release|x64.Build.0 = Release|x64
		{F16EB98E-A4CD-4505-8AB1-E318FD896ADC}.Release|x86.ActiveCfg = Release|Win32
		{F16EB98E-A4CD-4505-8AB1-E318FD896ADC}.Release|x86.Build.0 = Release|Win32
		{338B3DAA-2730-4899-89B9-6A593F57A7C9}.Debug|x64.ActiveCfg = Debug|x64
		{338B3DAA-2730-4899-89B9-6A593F57A7C9}.Debug|x64.Build.0 = Debug|x64
		{338B3DAA-2730-4899-89B9-6A593F57A7C9}.Debug|x86.ActiveCfg = Debug|Win32
		{338B3DAA-2730-4899-89B9-6A593F57A7C9}.Debug|x86.Build.0 = Debug|Win32
		{338B3DAA-2730-4899-89B9-6A593F57A7C9}.Release|x64.ActiveCfg = Release|x64
		{338B3DAA-2730-4899-89B9-6A593F57A7C9}.Release|x64.Build.0 = Release|x64
		{338B3DAA-2730-4899-89B9-6A593F57A7C9}.Release|x86.ActiveCfg = Release|Win32
		{338B3DAA-2730-4899-89B9-6A593F57A7C9}.Release|x86.Build.0 = Release|Win32
		{5308ABAB-CA0D-43F7-9798-C91389D6DDE3}.Debug|x64.ActiveCfg = Debug|x64
		{5308ABAB-CA0D-43F7-9798-C91389D6DDE3}.Debug|x64.Build.0 = Debug|x64
		{5308ABAB-CA0D-43F7-9798-C91389D6DDE3}.Debug|x86.ActiveCfg = Debug|Win32
		{5308ABAB-CA0D-43F7-9798-C91389D6DDE3}.Debug|x86.Build.0 = Debug|Win32
		{5308ABAB-CA0D-43F7-9798-C91389D6DDE3}.Release|x64.ActiveCfg = Release|x64
		{5308ABAB-CA0D-43F7-9798-C91389D6DDE3}.Release|x64.Build.0 = Release|x64
		{5308ABAB-CA0D-43F7-9798-C91389D6DDE3}.Release|x86.ActiveCfg = Release|Win32
		{5308ABAB-CA0D-43F7-9798-C91389D6DDE3}.Release|x86.Build.0 = Release|Win32
	EndGlobalSection
	GlobalSection(SolutionProperties) = preSolution
		HideSolutionNode = FALSE
	EndGlobalSection
EndGlobal
